
Microsoft Visual Studio Solution File, Format Version 12.00
# Visual Studio 15
VisualStudioVersion = 15.0.28307.168
MinimumVisualStudioVersion = 10.0.40219.1
Project("{FAE04EC0-301F-11D3-BF4B-00C04F79EFBC}") = "ProyectoXamarinCCM.Android", "ProyectoXamarinCCM\ProyectoXamarinCCM.Android\ProyectoXamarinCCM.Android.csproj", "{F5D4DF94-724E-436E-BD0E-520284E12DD7}"
EndProject
Project("{FAE04EC0-301F-11D3-BF4B-00C04F79EFBC}") = "ProyectoXamarinCCM.iOS", "ProyectoXamarinCCM\ProyectoXamarinCCM.iOS\ProyectoXamarinCCM.iOS.csproj", "{13DE2E76-246C-4B48-A07A-062615246B49}"
EndProject
Project("{FAE04EC0-301F-11D3-BF4B-00C04F79EFBC}") = "ProyectoXamarinCCM", "ProyectoXamarinCCM\ProyectoXamarinCCM\ProyectoXamarinCCM.csproj", "{28C4982D-B81A-496D-A0BC-9485560EC8BE}"
EndProject
Global
	GlobalSection(SolutionConfigurationPlatforms) = preSolution
		Ad-Hoc|Any CPU = Ad-Hoc|Any CPU
		Ad-Hoc|iPhone = Ad-Hoc|iPhone
		Ad-Hoc|iPhoneSimulator = Ad-Hoc|iPhoneSimulator
		AppStore|Any CPU = AppStore|Any CPU
		AppStore|iPhone = AppStore|iPhone
		AppStore|iPhoneSimulator = AppStore|iPhoneSimulator
		Debug|Any CPU = Debug|Any CPU
		Debug|iPhone = Debug|iPhone
		Debug|iPhoneSimulator = Debug|iPhoneSimulator
		Release|Any CPU = Release|Any CPU
		Release|iPhone = Release|iPhone
		Release|iPhoneSimulator = Release|iPhoneSimulator
	EndGlobalSection
	GlobalSection(ProjectConfigurationPlatforms) = postSolution
		{F5D4DF94-724E-436E-BD0E-520284E12DD7}.Ad-Hoc|Any CPU.ActiveCfg = Release|Any CPU
		{F5D4DF94-724E-436E-BD0E-520284E12DD7}.Ad-Hoc|Any CPU.Build.0 = Release|Any CPU
		{F5D4DF94-724E-436E-BD0E-520284E12DD7}.Ad-Hoc|Any CPU.Deploy.0 = Release|Any CPU
		{F5D4DF94-724E-436E-BD0E-520284E12DD7}.Ad-Hoc|iPhone.ActiveCfg = Release|Any CPU
		{F5D4DF94-724E-436E-BD0E-520284E12DD7}.Ad-Hoc|iPhone.Build.0 = Release|Any CPU
		{F5D4DF94-724E-436E-BD0E-520284E12DD7}.Ad-Hoc|iPhone.Deploy.0 = Release|Any CPU
		{F5D4DF94-724E-436E-BD0E-520284E12DD7}.Ad-Hoc|iPhoneSimulator.ActiveCfg = Release|Any CPU
		{F5D4DF94-724E-436E-BD0E-520284E12DD7}.Ad-Hoc|iPhoneSimulator.Build.0 = Release|Any CPU
		{F5D4DF94-724E-436E-BD0E-520284E12DD7}.Ad-Hoc|iPhoneSimulator.Deploy.0 = Release|Any CPU
		{F5D4DF94-724E-436E-BD0E-520284E12DD7}.AppStore|Any CPU.ActiveCfg = Release|Any CPU
		{F5D4DF94-724E-436E-BD0E-520284E12DD7}.AppStore|Any CPU.Build.0 = Release|Any CPU
		{F5D4DF94-724E-436E-BD0E-520284E12DD7}.AppStore|Any CPU.Deploy.0 = Release|Any CPU
		{F5D4DF94-724E-436E-BD0E-520284E12DD7}.AppStore|iPhone.ActiveCfg = Release|Any CPU
		{F5D4DF94-724E-436E-BD0E-520284E12DD7}.AppStore|iPhone.Build.0 = Release|Any CPU
		{F5D4DF94-724E-436E-BD0E-520284E12DD7}.AppStore|iPhone.Deploy.0 = Release|Any CPU
		{F5D4DF94-724E-436E-BD0E-520284E12DD7}.AppStore|iPhoneSimulator.ActiveCfg = Release|Any CPU
		{F5D4DF94-724E-436E-BD0E-520284E12DD7}.AppStore|iPhoneSimulator.Build.0 = Release|Any CPU
		{F5D4DF94-724E-436E-BD0E-520284E12DD7}.AppStore|iPhoneSimulator.Deploy.0 = Release|Any CPU
		{F5D4DF94-724E-436E-BD0E-520284E12DD7}.Debug|Any CPU.ActiveCfg = Debug|Any CPU
		{F5D4DF94-724E-436E-BD0E-520284E12DD7}.Debug|Any CPU.Build.0 = Debug|Any CPU
		{F5D4DF94-724E-436E-BD0E-520284E12DD7}.Debug|Any CPU.Deploy.0 = Debug|Any CPU
		{F5D4DF94-724E-436E-BD0E-520284E12DD7}.Debug|iPhone.ActiveCfg = Debug|Any CPU
		{F5D4DF94-724E-436E-BD0E-520284E12DD7}.Debug|iPhone.Build.0 = Debug|Any CPU
		{F5D4DF94-724E-436E-BD0E-520284E12DD7}.Debug|iPhone.Deploy.0 = Debug|Any CPU
		{F5D4DF94-724E-436E-BD0E-520284E12DD7}.Debug|iPhoneSimulator.ActiveCfg = Debug|Any CPU
		{F5D4DF94-724E-436E-BD0E-520284E12DD7}.Debug|iPhoneSimulator.Build.0 = Debug|Any CPU
		{F5D4DF94-724E-436E-BD0E-520284E12DD7}.Debug|iPhoneSimulator.Deploy.0 = Debug|Any CPU
		{F5D4DF94-724E-436E-BD0E-520284E12DD7}.Release|Any CPU.ActiveCfg = Release|Any CPU
		{F5D4DF94-724E-436E-BD0E-520284E12DD7}.Release|Any CPU.Build.0 = Release|Any CPU
		{F5D4DF94-724E-436E-BD0E-520284E12DD7}.Release|Any CPU.Deploy.0 = Release|Any CPU
		{F5D4DF94-724E-436E-BD0E-520284E12DD7}.Release|iPhone.ActiveCfg = Release|Any CPU
		{F5D4DF94-724E-436E-BD0E-520284E12DD7}.Release|iPhone.Build.0 = Release|Any CPU
		{F5D4DF94-724E-436E-BD0E-520284E12DD7}.Release|iPhone.Deploy.0 = Release|Any CPU
		{F5D4DF94-724E-436E-BD0E-520284E12DD7}.Release|iPhoneSimulator.ActiveCfg = Release|Any CPU
		{F5D4DF94-724E-436E-BD0E-520284E12DD7}.Release|iPhoneSimulator.Build.0 = Release|Any CPU
		{F5D4DF94-724E-436E-BD0E-520284E12DD7}.Release|iPhoneSimulator.Deploy.0 = Release|Any CPU
		{13DE2E76-246C-4B48-A07A-062615246B49}.Ad-Hoc|Any CPU.ActiveCfg = Ad-Hoc|iPhone
		{13DE2E76-246C-4B48-A07A-062615246B49}.Ad-Hoc|Any CPU.Build.0 = Ad-Hoc|iPhone
		{13DE2E76-246C-4B48-A07A-062615246B49}.Ad-Hoc|Any CPU.Deploy.0 = Ad-Hoc|iPhone
		{13DE2E76-246C-4B48-A07A-062615246B49}.Ad-Hoc|iPhone.ActiveCfg = Ad-Hoc|iPhone
		{13DE2E76-246C-4B48-A07A-062615246B49}.Ad-Hoc|iPhone.Build.0 = Ad-Hoc|iPhone
		{13DE2E76-246C-4B48-A07A-062615246B49}.Ad-Hoc|iPhone.Deploy.0 = Ad-Hoc|iPhone
		{13DE2E76-246C-4B48-A07A-062615246B49}.Ad-Hoc|iPhoneSimulator.ActiveCfg = Ad-Hoc|iPhoneSimulator
		{13DE2E76-246C-4B48-A07A-062615246B49}.Ad-Hoc|iPhoneSimulator.Build.0 = Ad-Hoc|iPhoneSimulator
		{13DE2E76-246C-4B48-A07A-062615246B49}.Ad-Hoc|iPhoneSimulator.Deploy.0 = Ad-Hoc|iPhoneSimulator
		{13DE2E76-246C-4B48-A07A-062615246B49}.AppStore|Any CPU.ActiveCfg = AppStore|iPhone
		{13DE2E76-246C-4B48-A07A-062615246B49}.AppStore|Any CPU.Build.0 = AppStore|iPhone
		{13DE2E76-246C-4B48-A07A-062615246B49}.AppStore|Any CPU.Deploy.0 = AppStore|iPhone
		{13DE2E76-246C-4B48-A07A-062615246B49}.AppStore|iPhone.ActiveCfg = AppStore|iPhone
		{13DE2E76-246C-4B48-A07A-062615246B49}.AppStore|iPhone.Build.0 = AppStore|iPhone
		{13DE2E76-246C-4B48-A07A-062615246B49}.AppStore|iPhone.Deploy.0 = AppStore|iPhone
		{13DE2E76-246C-4B48-A07A-062615246B49}.AppStore|iPhoneSimulator.ActiveCfg = AppStore|iPhoneSimulator
		{13DE2E76-246C-4B48-A07A-062615246B49}.AppStore|iPhoneSimulator.Build.0 = AppStore|iPhoneSimulator
		{13DE2E76-246C-4B48-A07A-062615246B49}.AppStore|iPhoneSimulator.Deploy.0 = AppStore|iPhoneSimulator
		{13DE2E76-246C-4B48-A07A-062615246B49}.Debug|Any CPU.ActiveCfg = Debug|iPhoneSimulator
		{13DE2E76-246C-4B48-A07A-062615246B49}.Debug|Any CPU.Build.0 = Debug|iPhoneSimulator
		{13DE2E76-246C-4B48-A07A-062615246B49}.Debug|Any CPU.Deploy.0 = Debug|iPhoneSimulator
		{13DE2E76-246C-4B48-A07A-062615246B49}.Debug|iPhone.ActiveCfg = Debug|iPhone
		{13DE2E76-246C-4B48-A07A-062615246B49}.Debug|iPhone.Build.0 = Debug|iPhone
		{13DE2E76-246C-4B48-A07A-062615246B49}.Debug|iPhone.Deploy.0 = Debug|iPhone
		{13DE2E76-246C-4B48-A07A-062615246B49}.Debug|iPhoneSimulator.ActiveCfg = Debug|iPhoneSimulator
		{13DE2E76-246C-4B48-A07A-062615246B49}.Debug|iPhoneSimulator.Build.0 = Debug|iPhoneSimulator
		{13DE2E76-246C-4B48-A07A-062615246B49}.Debug|iPhoneSimulator.Deploy.0 = Debug|iPhoneSimulator
		{13DE2E76-246C-4B48-A07A-062615246B49}.Release|Any CPU.ActiveCfg = Release|iPhone
		{13DE2E76-246C-4B48-A07A-062615246B49}.Release|Any CPU.Build.0 = Release|iPhone
		{13DE2E76-246C-4B48-A07A-062615246B49}.Release|Any CPU.Deploy.0 = Release|iPhone
		{13DE2E76-246C-4B48-A07A-062615246B49}.Release|iPhone.ActiveCfg = Release|iPhone
		{13DE2E76-246C-4B48-A07A-062615246B49}.Release|iPhone.Build.0 = Release|iPhone
		{13DE2E76-246C-4B48-A07A-062615246B49}.Release|iPhone.Deploy.0 = Release|iPhone
		{13DE2E76-246C-4B48-A07A-062615246B49}.Release|iPhoneSimulator.ActiveCfg = Release|iPhoneSimulator
		{13DE2E76-246C-4B48-A07A-062615246B49}.Release|iPhoneSimulator.Build.0 = Release|iPhoneSimulator
		{13DE2E76-246C-4B48-A07A-062615246B49}.Release|iPhoneSimulator.Deploy.0 = Release|iPhoneSimulator
		{28C4982D-B81A-496D-A0BC-9485560EC8BE}.Ad-Hoc|Any CPU.ActiveCfg = Debug|Any CPU
		{28C4982D-B81A-496D-A0BC-9485560EC8BE}.Ad-Hoc|Any CPU.Build.0 = Debug|Any CPU
		{28C4982D-B81A-496D-A0BC-9485560EC8BE}.Ad-Hoc|Any CPU.Deploy.0 = Debug|Any CPU
		{28C4982D-B81A-496D-A0BC-9485560EC8BE}.Ad-Hoc|iPhone.ActiveCfg = Debug|Any CPU
		{28C4982D-B81A-496D-A0BC-9485560EC8BE}.Ad-Hoc|iPhone.Build.0 = Debug|Any CPU
		{28C4982D-B81A-496D-A0BC-9485560EC8BE}.Ad-Hoc|iPhone.Deploy.0 = Debug|Any CPU
		{28C4982D-B81A-496D-A0BC-9485560EC8BE}.Ad-Hoc|iPhoneSimulator.ActiveCfg = Debug|Any CPU
		{28C4982D-B81A-496D-A0BC-9485560EC8BE}.Ad-Hoc|iPhoneSimulator.Build.0 = Debug|Any CPU
		{28C4982D-B81A-496D-A0BC-9485560EC8BE}.Ad-Hoc|iPhoneSimulator.Deploy.0 = Debug|Any CPU
		{28C4982D-B81A-496D-A0BC-9485560EC8BE}.AppStore|Any CPU.ActiveCfg = Debug|Any CPU
		{28C4982D-B81A-496D-A0BC-9485560EC8BE}.AppStore|Any CPU.Build.0 = Debug|Any CPU
		{28C4982D-B81A-496D-A0BC-9485560EC8BE}.AppStore|Any CPU.Deploy.0 = Debug|Any CPU
		{28C4982D-B81A-496D-A0BC-9485560EC8BE}.AppStore|iPhone.ActiveCfg = Debug|Any CPU
		{28C4982D-B81A-496D-A0BC-9485560EC8BE}.AppStore|iPhone.Build.0 = Debug|Any CPU
		{28C4982D-B81A-496D-A0BC-9485560EC8BE}.AppStore|iPhone.Deploy.0 = Debug|Any CPU
		{28C4982D-B81A-496D-A0BC-9485560EC8BE}.AppStore|iPhoneSimulator.ActiveCfg = Debug|Any CPU
		{28C4982D-B81A-496D-A0BC-9485560EC8BE}.AppStore|iPhoneSimulator.Build.0 = Debug|Any CPU
		{28C4982D-B81A-496D-A0BC-9485560EC8BE}.AppStore|iPhoneSimulator.Deploy.0 = Debug|Any CPU
		{28C4982D-B81A-496D-A0BC-9485560EC8BE}.Debug|Any CPU.ActiveCfg = Debug|Any CPU
		{28C4982D-B81A-496D-A0BC-9485560EC8BE}.Debug|Any CPU.Build.0 = Debug|Any CPU
		{28C4982D-B81A-496D-A0BC-9485560EC8BE}.Debug|Any CPU.Deploy.0 = Debug|Any CPU
		{28C4982D-B81A-496D-A0BC-9485560EC8BE}.Debug|iPhone.ActiveCfg = Debug|Any CPU
		{28C4982D-B81A-496D-A0BC-9485560EC8BE}.Debug|iPhone.Build.0 = Debug|Any CPU
		{28C4982D-B81A-496D-A0BC-9485560EC8BE}.Debug|iPhone.Deploy.0 = Debug|Any CPU
		{28C4982D-B81A-496D-A0BC-9485560EC8BE}.Debug|iPhoneSimulator.ActiveCfg = Debug|Any CPU
		{28C4982D-B81A-496D-A0BC-9485560EC8BE}.Debug|iPhoneSimulator.Build.0 = Debug|Any CPU
		{28C4982D-B81A-496D-A0BC-9485560EC8BE}.Debug|iPhoneSimulator.Deploy.0 = Debug|Any CPU
		{28C4982D-B81A-496D-A0BC-9485560EC8BE}.Release|Any CPU.ActiveCfg = Release|Any CPU
		{28C4982D-B81A-496D-A0BC-9485560EC8BE}.Release|Any CPU.Build.0 = Release|Any CPU
		{28C4982D-B81A-496D-A0BC-9485560EC8BE}.Release|Any CPU.Deploy.0 = Release|Any CPU
		{28C4982D-B81A-496D-A0BC-9485560EC8BE}.Release|iPhone.ActiveCfg = Release|Any CPU
		{28C4982D-B81A-496D-A0BC-9485560EC8BE}.Release|iPhone.Build.0 = Release|Any CPU
		{28C4982D-B81A-496D-A0BC-9485560EC8BE}.Release|iPhone.Deploy.0 = Release|Any CPU
		{28C4982D-B81A-496D-A0BC-9485560EC8BE}.Release|iPhoneSimulator.ActiveCfg = Release|Any CPU
		{28C4982D-B81A-496D-A0BC-9485560EC8BE}.Release|iPhoneSimulator.Build.0 = Release|Any CPU
		{28C4982D-B81A-496D-A0BC-9485560EC8BE}.Release|iPhoneSimulator.Deploy.0 = Release|Any CPU
	EndGlobalSection
	GlobalSection(SolutionProperties) = preSolution
		HideSolutionNode = FALSE
	EndGlobalSection
	GlobalSection(ExtensibilityGlobals) = postSolution
		SolutionGuid = {2840B4C6-BEEC-4B81-B56A-84E8BBFF6DD3}
	EndGlobalSection
EndGlobal
